// !$*UTF8*$!
{
	archiveVersion = 1;
	classes = {
	};
	objectVersion = 46;
	objects = {

/* Begin PBXBuildFile section */
		0B412F211EDEE95300B1A0A6 /* Main.storyboard in Resources */ = {isa = PBXBuildFile; fileRef = 0B412F201EDEE95300B1A0A6 /* Main.storyboard */; };
		13B07FBC1A68108700A75B9A /* AppDelegate.m in Sources */ = {isa = PBXBuildFile; fileRef = 13B07FB01A68108700A75B9A /* AppDelegate.m */; };
		13B07FBD1A68108700A75B9A /* LaunchScreen.xib in Resources */ = {isa = PBXBuildFile; fileRef = 13B07FB11A68108700A75B9A /* LaunchScreen.xib */; };
		13B07FBF1A68108700A75B9A /* Images.xcassets in Resources */ = {isa = PBXBuildFile; fileRef = 13B07FB51A68108700A75B9A /* Images.xcassets */; };
		13B07FC11A68108700A75B9A /* main.m in Sources */ = {isa = PBXBuildFile; fileRef = 13B07FB71A68108700A75B9A /* main.m */; };
		5D90872C1C0CA3EC21DF322E /* Pods_VBAR.framework in Frameworks */ = {isa = PBXBuildFile; fileRef = 4C2F46EDDF6EA853C5982F5F /* Pods_VBAR.framework */; };
		8CCDBCEF92325A2978B4A98F /* Pods_Backpack_Live.framework in Frameworks */ = {isa = PBXBuildFile; fileRef = 83C67E03D2DC551E651B1C1B /* Pods_Backpack_Live.framework */; };
		B30AC1BF258DE716003D5E3F /* SwiftFile.swift in Sources */ = {isa = PBXBuildFile; fileRef = B30AC1BE258DE716003D5E3F /* SwiftFile.swift */; };
		B325C8FA259A0EC4009CF5F0 /* SwiftChat.swift in Sources */ = {isa = PBXBuildFile; fileRef = B325C8F9259A0EC4009CF5F0 /* SwiftChat.swift */; };
		B325C8FB259A0F20009CF5F0 /* FIRUtilities.m in Sources */ = {isa = PBXBuildFile; fileRef = DE4C455F21DE1E4E00EA0709 /* FIRUtilities.m */; };
		B325C8FD259A1491009CF5F0 /* LaunchScreen.xib in Resources */ = {isa = PBXBuildFile; fileRef = 13B07FB11A68108700A75B9A /* LaunchScreen.xib */; };
		B325C8FE259A1616009CF5F0 /* Main.storyboard in Resources */ = {isa = PBXBuildFile; fileRef = 0B412F201EDEE95300B1A0A6 /* Main.storyboard */; };
		B335E19F2599CFC30008F79F /* AppDelegate.m in Sources */ = {isa = PBXBuildFile; fileRef = B335E19E2599CFC30008F79F /* AppDelegate.m */; };
		B335E1A52599CFC30008F79F /* ViewController.m in Sources */ = {isa = PBXBuildFile; fileRef = B335E1A42599CFC30008F79F /* ViewController.m */; };
		B335E1AA2599CFC60008F79F /* Assets.xcassets in Resources */ = {isa = PBXBuildFile; fileRef = B335E1A92599CFC60008F79F /* Assets.xcassets */; };
		B335E1B02599CFC60008F79F /* main.m in Sources */ = {isa = PBXBuildFile; fileRef = B335E1AF2599CFC60008F79F /* main.m */; };
		B34AA72325E8303F00215828 /* splashscreen.png in Resources */ = {isa = PBXBuildFile; fileRef = B34AA72225E8303E00215828 /* splashscreen.png */; };
		B351EAB225E29D4500E9A771 /* Threeguys.xcassets in Resources */ = {isa = PBXBuildFile; fileRef = B351EAB125E29D4300E9A771 /* Threeguys.xcassets */; };
		B351EB4C25E4939E00E9A771 /* liveicons in Resources */ = {isa = PBXBuildFile; fileRef = B351EB4B25E4939400E9A771 /* liveicons */; };
		B36DD56A25CB462300B7AA05 /* clouds.jpg in Resources */ = {isa = PBXBuildFile; fileRef = B36DD56925CB461F00B7AA05 /* clouds.jpg */; };
		B36DD56E25CB5BAC00B7AA05 /* backgrounds in Resources */ = {isa = PBXBuildFile; fileRef = B36DD56D25CB5BAB00B7AA05 /* backgrounds */; };
		B375557125C3A1AD00ED09A9 /* GoogleService-Info.plist in Resources */ = {isa = PBXBuildFile; fileRef = B375557025C3A1AD00ED09A9 /* GoogleService-Info.plist */; };
		B39890F9258C7F3700C17AF4 /* oldGoogleService-Info.plist in Resources */ = {isa = PBXBuildFile; fileRef = B39890F8258C7F3700C17AF4 /* oldGoogleService-Info.plist */; };
		B3A131E625F42EB200D413B7 /* main.jsbundle in Resources */ = {isa = PBXBuildFile; fileRef = B3A131E525F42EB200D413B7 /* main.jsbundle */; };
		B3D1BF1E25E8393100B79117 /* JitsiMeetSDK.framework in Frameworks */ = {isa = PBXBuildFile; fileRef = B335DA33258EB5DA003E74BB /* JitsiMeetSDK.framework */; };
		B3F27C202591EEE300E6EE70 /* JitsiMeetSDK.framework in Frameworks */ = {isa = PBXBuildFile; fileRef = B335DA33258EB5DA003E74BB /* JitsiMeetSDK.framework */; };
		B3F27C212591EEE300E6EE70 /* JitsiMeetSDK.framework in Embed Frameworks */ = {isa = PBXBuildFile; fileRef = B335DA33258EB5DA003E74BB /* JitsiMeetSDK.framework */; settings = {ATTRIBUTES = (CodeSignOnCopy, RemoveHeadersOnCopy, ); }; };
		DE4C456121DE1E4E00EA0709 /* FIRUtilities.m in Sources */ = {isa = PBXBuildFile; fileRef = DE4C455F21DE1E4E00EA0709 /* FIRUtilities.m */; };
/* End PBXBuildFile section */

/* Begin PBXCopyFilesBuildPhase section */
		B3F27C222591EEE300E6EE70 /* Embed Frameworks */ = {
			isa = PBXCopyFilesBuildPhase;
			buildActionMask = 2147483647;
			dstPath = "";
			dstSubfolderSpec = 10;
			files = (
				B3F27C212591EEE300E6EE70 /* JitsiMeetSDK.framework in Embed Frameworks */,
			);
			name = "Embed Frameworks";
			runOnlyForDeploymentPostprocessing = 0;
		};
/* End PBXCopyFilesBuildPhase section */

/* Begin PBXFileReference section */
		0B412F201EDEE95300B1A0A6 /* Main.storyboard */ = {isa = PBXFileReference; fileEncoding = 4; lastKnownFileType = file.storyboard; name = Main.storyboard; path = Base.lproj/Main.storyboard; sourceTree = "<group>"; };
		0B5418461F7C5D8C00A2DD86 /* MeetingRowController.swift */ = {isa = PBXFileReference; lastKnownFileType = sourcecode.swift; path = MeetingRowController.swift; sourceTree = "<group>"; };
		0B70016F1F7C51CC005944F4 /* InCallController.swift */ = {isa = PBXFileReference; lastKnownFileType = sourcecode.swift; path = InCallController.swift; sourceTree = "<group>"; };
		0BBD021F212EB69D00CCB19F /* Types.h */ = {isa = PBXFileReference; lastKnownFileType = sourcecode.c.h; path = Types.h; sourceTree = "<group>"; };
		0BEA5C361F7B8F73000D0AB4 /* InterfaceController.swift */ = {isa = PBXFileReference; lastKnownFileType = sourcecode.swift; path = InterfaceController.swift; sourceTree = "<group>"; };
		0BEA5C381F7B8F73000D0AB4 /* ExtensionDelegate.swift */ = {isa = PBXFileReference; lastKnownFileType = sourcecode.swift; path = ExtensionDelegate.swift; sourceTree = "<group>"; };
		0BEA5C3A1F7B8F73000D0AB4 /* ComplicationController.swift */ = {isa = PBXFileReference; lastKnownFileType = sourcecode.swift; path = ComplicationController.swift; sourceTree = "<group>"; };
		0BEA5C3C1F7B8F73000D0AB4 /* Assets.xcassets */ = {isa = PBXFileReference; lastKnownFileType = folder.assetcatalog; path = Assets.xcassets; sourceTree = "<group>"; };
		0BEA5C3E1F7B8F73000D0AB4 /* Info.plist */ = {isa = PBXFileReference; lastKnownFileType = text.plist.xml; path = Info.plist; sourceTree = "<group>"; };
		13B07F961A680F5B00A75B9A /* jitsi-meet.app */ = {isa = PBXFileReference; explicitFileType = wrapper.application; includeInIndex = 0; path = "jitsi-meet.app"; sourceTree = BUILT_PRODUCTS_DIR; };
		13B07FAF1A68108700A75B9A /* AppDelegate.h */ = {isa = PBXFileReference; fileEncoding = 4; lastKnownFileType = sourcecode.c.h; path = AppDelegate.h; sourceTree = "<group>"; };
		13B07FB01A68108700A75B9A /* AppDelegate.m */ = {isa = PBXFileReference; fileEncoding = 4; lastKnownFileType = sourcecode.c.objc; path = AppDelegate.m; sourceTree = "<group>"; };
		13B07FB21A68108700A75B9A /* Base */ = {isa = PBXFileReference; lastKnownFileType = file.xib; name = Base; path = Base.lproj/LaunchScreen.xib; sourceTree = "<group>"; };
		13B07FB51A68108700A75B9A /* Images.xcassets */ = {isa = PBXFileReference; lastKnownFileType = folder.assetcatalog; path = Images.xcassets; sourceTree = "<group>"; };
		13B07FB61A68108700A75B9A /* Info.plist */ = {isa = PBXFileReference; fileEncoding = 4; lastKnownFileType = text.plist.xml; path = Info.plist; sourceTree = "<group>"; };
		13B07FB71A68108700A75B9A /* main.m */ = {isa = PBXFileReference; fileEncoding = 4; lastKnownFileType = sourcecode.c.objc; path = main.m; sourceTree = "<group>"; };
		223A6B17E7572469E1C79CB1 /* Pods-JitsiMeet.release.xcconfig */ = {isa = PBXFileReference; includeInIndex = 1; lastKnownFileType = text.xcconfig; name = "Pods-JitsiMeet.release.xcconfig"; path = "Target Support Files/Pods-JitsiMeet/Pods-JitsiMeet.release.xcconfig"; sourceTree = "<group>"; };
		2B0969687C23D0173EE1D36F /* Pods-VBAR.debug.xcconfig */ = {isa = PBXFileReference; includeInIndex = 1; lastKnownFileType = text.xcconfig; name = "Pods-VBAR.debug.xcconfig"; path = "Target Support Files/Pods-VBAR/Pods-VBAR.debug.xcconfig"; sourceTree = "<group>"; };
		4B35BED44F8204BAEC48ADA4 /* Pods-VBAR.release.xcconfig */ = {isa = PBXFileReference; includeInIndex = 1; lastKnownFileType = text.xcconfig; name = "Pods-VBAR.release.xcconfig"; path = "Target Support Files/Pods-VBAR/Pods-VBAR.release.xcconfig"; sourceTree = "<group>"; };
		4C2F46EDDF6EA853C5982F5F /* Pods_VBAR.framework */ = {isa = PBXFileReference; explicitFileType = wrapper.framework; includeInIndex = 0; path = Pods_VBAR.framework; sourceTree = BUILT_PRODUCTS_DIR; };
		58BE71EBB80C09F7C4AD613C /* Pods-Backpack Live.debug.xcconfig */ = {isa = PBXFileReference; includeInIndex = 1; lastKnownFileType = text.xcconfig; name = "Pods-Backpack Live.debug.xcconfig"; path = "Target Support Files/Pods-Backpack Live/Pods-Backpack Live.debug.xcconfig"; sourceTree = "<group>"; };
		70D2B96A816FAF663CCA15E7 /* Pods-JitsiMeet.debug.xcconfig */ = {isa = PBXFileReference; includeInIndex = 1; lastKnownFileType = text.xcconfig; name = "Pods-JitsiMeet.debug.xcconfig"; path = "Target Support Files/Pods-JitsiMeet/Pods-JitsiMeet.debug.xcconfig"; sourceTree = "<group>"; };
		79F90BD7F26F035F28A74185 /* Pods-Backpack Live.release.xcconfig */ = {isa = PBXFileReference; includeInIndex = 1; lastKnownFileType = text.xcconfig; name = "Pods-Backpack Live.release.xcconfig"; path = "Target Support Files/Pods-Backpack Live/Pods-Backpack Live.release.xcconfig"; sourceTree = "<group>"; };
		83C67E03D2DC551E651B1C1B /* Pods_Backpack_Live.framework */ = {isa = PBXFileReference; explicitFileType = wrapper.framework; includeInIndex = 0; path = Pods_Backpack_Live.framework; sourceTree = BUILT_PRODUCTS_DIR; };
		B30AC1BD258DE716003D5E3F /* jitsi-meet-Bridging-Header.h */ = {isa = PBXFileReference; lastKnownFileType = sourcecode.c.h; path = "jitsi-meet-Bridging-Header.h"; sourceTree = "<group>"; };
		B30AC1BE258DE716003D5E3F /* SwiftFile.swift */ = {isa = PBXFileReference; lastKnownFileType = sourcecode.swift; path = SwiftFile.swift; sourceTree = "<group>"; };
		B325C8F6259A0D38009CF5F0 /* GoogleService-Info.plist */ = {isa = PBXFileReference; fileEncoding = 4; lastKnownFileType = text.plist.xml; path = "GoogleService-Info.plist"; sourceTree = "<group>"; };
		B325C8F8259A0EC4009CF5F0 /* Backpack Chat-Bridging-Header.h */ = {isa = PBXFileReference; lastKnownFileType = sourcecode.c.h; path = "Backpack Chat-Bridging-Header.h"; sourceTree = "<group>"; };
		B325C8F9259A0EC4009CF5F0 /* SwiftChat.swift */ = {isa = PBXFileReference; lastKnownFileType = sourcecode.swift; path = SwiftChat.swift; sourceTree = "<group>"; };
		B335DA33258EB5DA003E74BB /* JitsiMeetSDK.framework */ = {isa = PBXFileReference; explicitFileType = wrapper.framework; path = JitsiMeetSDK.framework; sourceTree = BUILT_PRODUCTS_DIR; };
		B335E19B2599CFC30008F79F /* Backpack Live.app */ = {isa = PBXFileReference; explicitFileType = wrapper.application; includeInIndex = 0; path = "Backpack Live.app"; sourceTree = BUILT_PRODUCTS_DIR; };
		B335E19D2599CFC30008F79F /* AppDelegate.h */ = {isa = PBXFileReference; lastKnownFileType = sourcecode.c.h; path = AppDelegate.h; sourceTree = "<group>"; };
		B335E19E2599CFC30008F79F /* AppDelegate.m */ = {isa = PBXFileReference; lastKnownFileType = sourcecode.c.objc; path = AppDelegate.m; sourceTree = "<group>"; };
		B335E1A32599CFC30008F79F /* ViewController.h */ = {isa = PBXFileReference; lastKnownFileType = sourcecode.c.h; path = ViewController.h; sourceTree = "<group>"; };
		B335E1A42599CFC30008F79F /* ViewController.m */ = {isa = PBXFileReference; lastKnownFileType = sourcecode.c.objc; path = ViewController.m; sourceTree = "<group>"; };
		B335E1A92599CFC60008F79F /* Assets.xcassets */ = {isa = PBXFileReference; lastKnownFileType = folder.assetcatalog; path = Assets.xcassets; sourceTree = "<group>"; };
		B335E1AE2599CFC60008F79F /* Info.plist */ = {isa = PBXFileReference; lastKnownFileType = text.plist.xml; path = Info.plist; sourceTree = "<group>"; };
		B335E1AF2599CFC60008F79F /* main.m */ = {isa = PBXFileReference; lastKnownFileType = sourcecode.c.objc; path = main.m; sourceTree = "<group>"; };
		B34AA72225E8303E00215828 /* splashscreen.png */ = {isa = PBXFileReference; lastKnownFileType = image.png; name = splashscreen.png; path = ../../splashscreen.png; sourceTree = "<group>"; };
		B34EBCF525B6E37E005837B5 /* Pods_JitsiMeetSDK.framework */ = {isa = PBXFileReference; explicitFileType = wrapper.framework; path = Pods_JitsiMeetSDK.framework; sourceTree = BUILT_PRODUCTS_DIR; };
		B351EAB125E29D4300E9A771 /* Threeguys.xcassets */ = {isa = PBXFileReference; lastKnownFileType = folder.assetcatalog; path = Threeguys.xcassets; sourceTree = "<group>"; };
		B351EB4B25E4939400E9A771 /* liveicons */ = {isa = PBXFileReference; lastKnownFileType = folder; name = liveicons; path = ../../liveicons; sourceTree = "<group>"; };
		B36DD56925CB461F00B7AA05 /* clouds.jpg */ = {isa = PBXFileReference; lastKnownFileType = image.jpeg; path = clouds.jpg; sourceTree = "<group>"; };
		B36DD56D25CB5BAB00B7AA05 /* backgrounds */ = {isa = PBXFileReference; lastKnownFileType = folder; name = backgrounds; path = ../../../../kj/backgrounds; sourceTree = "<group>"; };
		B375557025C3A1AD00ED09A9 /* GoogleService-Info.plist */ = {isa = PBXFileReference; fileEncoding = 4; lastKnownFileType = text.plist.xml; path = "GoogleService-Info.plist"; sourceTree = "<group>"; };
		B39890F8258C7F3700C17AF4 /* oldGoogleService-Info.plist */ = {isa = PBXFileReference; fileEncoding = 4; lastKnownFileType = text.plist.xml; path = "oldGoogleService-Info.plist"; sourceTree = "<group>"; };
		B39F2CC225C22B620095272E /* Backpack Chat.entitlements */ = {isa = PBXFileReference; lastKnownFileType = text.plist.entitlements; path = "Backpack Chat.entitlements"; sourceTree = "<group>"; };
		B3A131E525F42EB200D413B7 /* main.jsbundle */ = {isa = PBXFileReference; fileEncoding = 4; lastKnownFileType = text; path = main.jsbundle; sourceTree = "<group>"; };
		B3B083EB1D4955FF0069CEE7 /* app.entitlements */ = {isa = PBXFileReference; lastKnownFileType = text.plist.entitlements; path = app.entitlements; sourceTree = "<group>"; };
		B3D1BF2225E8394800B79117 /* WebRTC.xcframework */ = {isa = PBXFileReference; lastKnownFileType = wrapper.xcframework; name = WebRTC.xcframework; path = "../../node_modules/react-native-webrtc/apple/WebRTC.xcframework"; sourceTree = "<group>"; };
		B644D2149930F3E4FEBECBAA /* Pods-Backpack Chat.debug.xcconfig */ = {isa = PBXFileReference; includeInIndex = 1; lastKnownFileType = text.xcconfig; name = "Pods-Backpack Chat.debug.xcconfig"; path = "Target Support Files/Pods-Backpack Chat/Pods-Backpack Chat.debug.xcconfig"; sourceTree = "<group>"; };
		C3B52BEAD98CE154070AC12F /* Pods-Backpack Chat.release.xcconfig */ = {isa = PBXFileReference; includeInIndex = 1; lastKnownFileType = text.xcconfig; name = "Pods-Backpack Chat.release.xcconfig"; path = "Target Support Files/Pods-Backpack Chat/Pods-Backpack Chat.release.xcconfig"; sourceTree = "<group>"; };
		DE4C455F21DE1E4E00EA0709 /* FIRUtilities.m */ = {isa = PBXFileReference; fileEncoding = 4; lastKnownFileType = sourcecode.c.objc; path = FIRUtilities.m; sourceTree = "<group>"; };
		DE4C456021DE1E4E00EA0709 /* FIRUtilities.h */ = {isa = PBXFileReference; fileEncoding = 4; lastKnownFileType = sourcecode.c.h; path = FIRUtilities.h; sourceTree = "<group>"; };
		E58801132278944E008B0561 /* JitsiMeetContext.swift */ = {isa = PBXFileReference; lastKnownFileType = sourcecode.swift; path = JitsiMeetContext.swift; sourceTree = "<group>"; };
		E5C97B62227A1EB400199214 /* JitsiMeetCommands.swift */ = {isa = PBXFileReference; lastKnownFileType = sourcecode.swift; path = JitsiMeetCommands.swift; sourceTree = "<group>"; };
/* End PBXFileReference section */

/* Begin PBXFrameworksBuildPhase section */
		13B07F8C1A680F5B00A75B9A /* Frameworks */ = {
			isa = PBXFrameworksBuildPhase;
			buildActionMask = 2147483647;
			files = (
				B3F27C202591EEE300E6EE70 /* JitsiMeetSDK.framework in Frameworks */,
				5D90872C1C0CA3EC21DF322E /* Pods_VBAR.framework in Frameworks */,
			);
			runOnlyForDeploymentPostprocessing = 0;
		};
		B335E1982599CFC30008F79F /* Frameworks */ = {
			isa = PBXFrameworksBuildPhase;
			buildActionMask = 2147483647;
			files = (
				B3D1BF1E25E8393100B79117 /* JitsiMeetSDK.framework in Frameworks */,
				8CCDBCEF92325A2978B4A98F /* Pods_Backpack_Live.framework in Frameworks */,
			);
			runOnlyForDeploymentPostprocessing = 0;
		};
/* End PBXFrameworksBuildPhase section */

/* Begin PBXGroup section */
		0B26BE711EC5BC4D00EEFB41 /* Frameworks */ = {
			isa = PBXGroup;
			children = (
				B3D1BF2225E8394800B79117 /* WebRTC.xcframework */,
				B34EBCF525B6E37E005837B5 /* Pods_JitsiMeetSDK.framework */,
				B335DA33258EB5DA003E74BB /* JitsiMeetSDK.framework */,
				4C2F46EDDF6EA853C5982F5F /* Pods_VBAR.framework */,
				83C67E03D2DC551E651B1C1B /* Pods_Backpack_Live.framework */,
			);
			name = Frameworks;
			sourceTree = "<group>";
		};
		0BEA5C351F7B8F73000D0AB4 /* WatchKit extension */ = {
			isa = PBXGroup;
			children = (
				0BEA5C361F7B8F73000D0AB4 /* InterfaceController.swift */,
				0BEA5C381F7B8F73000D0AB4 /* ExtensionDelegate.swift */,
				0BEA5C3A1F7B8F73000D0AB4 /* ComplicationController.swift */,
				0BEA5C3C1F7B8F73000D0AB4 /* Assets.xcassets */,
				0BEA5C3E1F7B8F73000D0AB4 /* Info.plist */,
				0B70016F1F7C51CC005944F4 /* InCallController.swift */,
				0B5418461F7C5D8C00A2DD86 /* MeetingRowController.swift */,
				E58801132278944E008B0561 /* JitsiMeetContext.swift */,
				E5C97B62227A1EB400199214 /* JitsiMeetCommands.swift */,
			);
			name = "WatchKit extension";
			path = watchos/extension;
			sourceTree = "<group>";
		};
		11E42A6E02BB577F6B50E18F /* Pods */ = {
			isa = PBXGroup;
			children = (
				70D2B96A816FAF663CCA15E7 /* Pods-JitsiMeet.debug.xcconfig */,
				223A6B17E7572469E1C79CB1 /* Pods-JitsiMeet.release.xcconfig */,
				2B0969687C23D0173EE1D36F /* Pods-VBAR.debug.xcconfig */,
				4B35BED44F8204BAEC48ADA4 /* Pods-VBAR.release.xcconfig */,
				B644D2149930F3E4FEBECBAA /* Pods-Backpack Chat.debug.xcconfig */,
				C3B52BEAD98CE154070AC12F /* Pods-Backpack Chat.release.xcconfig */,
				58BE71EBB80C09F7C4AD613C /* Pods-Backpack Live.debug.xcconfig */,
				79F90BD7F26F035F28A74185 /* Pods-Backpack Live.release.xcconfig */,
			);
			name = Pods;
			path = ../Pods;
			sourceTree = "<group>";
		};
		13B07FAE1A68108700A75B9A /* src */ = {
			isa = PBXGroup;
			children = (
				13B07FAF1A68108700A75B9A /* AppDelegate.h */,
				13B07FB01A68108700A75B9A /* AppDelegate.m */,
				DE4C456021DE1E4E00EA0709 /* FIRUtilities.h */,
				DE4C455F21DE1E4E00EA0709 /* FIRUtilities.m */,
				13B07FB51A68108700A75B9A /* Images.xcassets */,
				13B07FB61A68108700A75B9A /* Info.plist */,
				13B07FB11A68108700A75B9A /* LaunchScreen.xib */,
				13B07FB71A68108700A75B9A /* main.m */,
				0B412F201EDEE95300B1A0A6 /* Main.storyboard */,
				0BBD021F212EB69D00CCB19F /* Types.h */,
			);
			path = src;
			sourceTree = "<group>";
		};
		83CBB9F61A601CBA00E9B192 = {
			isa = PBXGroup;
			children = (
				B30AC1BE258DE716003D5E3F /* SwiftFile.swift */,
				B3A131E525F42EB200D413B7 /* main.jsbundle */,
				B34AA72225E8303E00215828 /* splashscreen.png */,
				B351EB4B25E4939400E9A771 /* liveicons */,
				B36DD56925CB461F00B7AA05 /* clouds.jpg */,
				B351EAB125E29D4300E9A771 /* Threeguys.xcassets */,
				B375557025C3A1AD00ED09A9 /* GoogleService-Info.plist */,
				B36DD56D25CB5BAB00B7AA05 /* backgrounds */,
				B3B083EB1D4955FF0069CEE7 /* app.entitlements */,
				B39890F8258C7F3700C17AF4 /* oldGoogleService-Info.plist */,
				B335E19C2599CFC30008F79F /* Backpack Chat */,
				0B26BE711EC5BC4D00EEFB41 /* Frameworks */,
				83CBBA001A601CBA00E9B192 /* Products */,
				13B07FAE1A68108700A75B9A /* src */,
				0BEA5C351F7B8F73000D0AB4 /* WatchKit extension */,
				B30AC1BD258DE716003D5E3F /* jitsi-meet-Bridging-Header.h */,
				11E42A6E02BB577F6B50E18F /* Pods */,
			);
			indentWidth = 2;
			sourceTree = "<group>";
			tabWidth = 2;
		};
		83CBBA001A601CBA00E9B192 /* Products */ = {
			isa = PBXGroup;
			children = (
				13B07F961A680F5B00A75B9A /* jitsi-meet.app */,
				B335E19B2599CFC30008F79F /* Backpack Live.app */,
			);
			name = Products;
			sourceTree = "<group>";
		};
		B335E19C2599CFC30008F79F /* Backpack Chat */ = {
			isa = PBXGroup;
			children = (
				B39F2CC225C22B620095272E /* Backpack Chat.entitlements */,
				B335E19D2599CFC30008F79F /* AppDelegate.h */,
				B335E19E2599CFC30008F79F /* AppDelegate.m */,
				B335E1A32599CFC30008F79F /* ViewController.h */,
				B325C8F6259A0D38009CF5F0 /* GoogleService-Info.plist */,
				B335E1A42599CFC30008F79F /* ViewController.m */,
				B335E1A92599CFC60008F79F /* Assets.xcassets */,
				B335E1AE2599CFC60008F79F /* Info.plist */,
				B335E1AF2599CFC60008F79F /* main.m */,
				B325C8F9259A0EC4009CF5F0 /* SwiftChat.swift */,
				B325C8F8259A0EC4009CF5F0 /* Backpack Chat-Bridging-Header.h */,
			);
			path = "Backpack Chat";
			sourceTree = "<group>";
		};
/* End PBXGroup section */

/* Begin PBXNativeTarget section */
		13B07F861A680F5B00A75B9A /* VBAR */ = {
			isa = PBXNativeTarget;
			buildConfigurationList = 13B07F931A680F5B00A75B9A /* Build configuration list for PBXNativeTarget "VBAR" */;
			buildPhases = (
				B6607F42A5CF0C76E98929E2 /* [CP] Check Pods Manifest.lock */,
				0BBA83C41EC9F7600075A103 /* Run React packager */,
				13B07F871A680F5B00A75B9A /* Sources */,
				13B07F8C1A680F5B00A75B9A /* Frameworks */,
				13B07F8E1A680F5B00A75B9A /* Resources */,
				0BB7DA181EC9E695007AAE98 /* Adjust ATS */,
				DEF4813D224925A2002AD03A /* Copy Google Plist file */,
				DE11877A21EE09640078D059 /* Setup Google reverse URL handler */,
				DE4F6D6E22005C0400DE699E /* Setup Dropbox */,
				B3F27C222591EEE300E6EE70 /* Embed Frameworks */,
				2F6C1E2DE177D24D40AED690 /* [CP] Copy Pods Resources */,
				E21B4EEFC6540565014BE3A6 /* [CP] Embed Pods Frameworks */,
			);
			buildRules = (
			);
			dependencies = (
			);
			name = VBAR;
			productName = "Jitsi Meet";
			productReference = 13B07F961A680F5B00A75B9A /* jitsi-meet.app */;
			productType = "com.apple.product-type.application";
		};
		B335E19A2599CFC30008F79F /* Backpack Live */ = {
			isa = PBXNativeTarget;
			buildConfigurationList = B335E1CD2599CFC70008F79F /* Build configuration list for PBXNativeTarget "Backpack Live" */;
			buildPhases = (
				B3A131E325F41EDF00D413B7 /* Copy bundle */,
				F4A462915FF1B9C2B2D08F67 /* [CP] Check Pods Manifest.lock */,
				B335E1972599CFC30008F79F /* Sources */,
				B335E1982599CFC30008F79F /* Frameworks */,
				B335E1992599CFC30008F79F /* Resources */,
				011B63E2048B1C61A400008B /* [CP] Copy Pods Resources */,
				268671122EB3BAADA00E839E /* [CP] Embed Pods Frameworks */,
			);
			buildRules = (
			);
			dependencies = (
			);
			name = "Backpack Live";
			productName = "Backpack Chat";
			productReference = B335E19B2599CFC30008F79F /* Backpack Live.app */;
			productType = "com.apple.product-type.application";
		};
/* End PBXNativeTarget section */

/* Begin PBXProject section */
		83CBB9F71A601CBA00E9B192 /* Project object */ = {
			isa = PBXProject;
			attributes = {
				LastUpgradeCheck = 1020;
				ORGANIZATIONNAME = Facebook;
				TargetAttributes = {
					13B07F861A680F5B00A75B9A = {
						DevelopmentTeam = 7R2746UPX7;
						LastSwiftMigration = 1220;
						ProvisioningStyle = Automatic;
						SystemCapabilities = {
							com.apple.SafariKeychain = {
								enabled = 1;
							};
							com.apple.Siri = {
								enabled = 1;
							};
						};
					};
					B335E19A2599CFC30008F79F = {
						CreatedOnToolsVersion = 12.2;
						DevelopmentTeam = 7R2746UPX7;
						LastSwiftMigration = 1220;
						ProvisioningStyle = Automatic;
					};
				};
			};
			buildConfigurationList = 83CBB9FA1A601CBA00E9B192 /* Build configuration list for PBXProject "app" */;
			compatibilityVersion = "Xcode 3.2";
			developmentRegion = en;
			hasScannedForEncodings = 0;
			knownRegions = (
				en,
				Base,
			);
			mainGroup = 83CBB9F61A601CBA00E9B192;
			productRefGroup = 83CBBA001A601CBA00E9B192 /* Products */;
			projectDirPath = "";
			projectRoot = "";
			targets = (
				13B07F861A680F5B00A75B9A /* VBAR */,
				B335E19A2599CFC30008F79F /* Backpack Live */,
			);
		};
/* End PBXProject section */

/* Begin PBXResourcesBuildPhase section */
		13B07F8E1A680F5B00A75B9A /* Resources */ = {
			isa = PBXResourcesBuildPhase;
			buildActionMask = 2147483647;
			files = (
				0B412F211EDEE95300B1A0A6 /* Main.storyboard in Resources */,
				B39890F9258C7F3700C17AF4 /* oldGoogleService-Info.plist in Resources */,
				13B07FBF1A68108700A75B9A /* Images.xcassets in Resources */,
				13B07FBD1A68108700A75B9A /* LaunchScreen.xib in Resources */,
			);
			runOnlyForDeploymentPostprocessing = 0;
		};
		B335E1992599CFC30008F79F /* Resources */ = {
			isa = PBXResourcesBuildPhase;
			buildActionMask = 2147483647;
			files = (
				B325C8FE259A1616009CF5F0 /* Main.storyboard in Resources */,
				B325C8FD259A1491009CF5F0 /* LaunchScreen.xib in Resources */,
				B351EB4C25E4939E00E9A771 /* liveicons in Resources */,
				B335E1AA2599CFC60008F79F /* Assets.xcassets in Resources */,
				B375557125C3A1AD00ED09A9 /* GoogleService-Info.plist in Resources */,
				B351EAB225E29D4500E9A771 /* Threeguys.xcassets in Resources */,
				B34AA72325E8303F00215828 /* splashscreen.png in Resources */,
				B3A131E625F42EB200D413B7 /* main.jsbundle in Resources */,
				B36DD56E25CB5BAC00B7AA05 /* backgrounds in Resources */,
				B36DD56A25CB462300B7AA05 /* clouds.jpg in Resources */,
			);
			runOnlyForDeploymentPostprocessing = 0;
		};
/* End PBXResourcesBuildPhase section */

/* Begin PBXShellScriptBuildPhase section */
		011B63E2048B1C61A400008B /* [CP] Copy Pods Resources */ = {
			isa = PBXShellScriptBuildPhase;
			buildActionMask = 2147483647;
			files = (
			);
			inputPaths = (
				"${PODS_ROOT}/Target Support Files/Pods-Backpack Live/Pods-Backpack Live-resources.sh",
				"${PODS_ROOT}/Amplitude-iOS/Amplitude/api.amplitude.com.der",
				"${PODS_ROOT}/Amplitude-iOS/Amplitude/ComodoCaLimitedRsaCertificationAuthority.der",
				"${PODS_ROOT}/Amplitude-iOS/Amplitude/ComodoRsaCA.der",
				"${PODS_ROOT}/Amplitude-iOS/Amplitude/ComodoRsaDomainValidationCA.der",
				"${PODS_ROOT}/FBSDKCoreKit/FacebookSDKStrings.bundle",
				"${PODS_CONFIGURATION_BUILD_DIR}/FirebaseUI/FirebaseAnonymousAuthUI.bundle",
				"${PODS_CONFIGURATION_BUILD_DIR}/FirebaseUI/FirebaseAuthUI.bundle",
				"${PODS_CONFIGURATION_BUILD_DIR}/FirebaseUI/FirebaseEmailAuthUI.bundle",
				"${PODS_CONFIGURATION_BUILD_DIR}/FirebaseUI/FirebaseFacebookAuthUI.bundle",
				"${PODS_CONFIGURATION_BUILD_DIR}/FirebaseUI/FirebaseGoogleAuthUI.bundle",
				"${PODS_CONFIGURATION_BUILD_DIR}/FirebaseUI/FirebaseOAuthUI.bundle",
				"${PODS_CONFIGURATION_BUILD_DIR}/FirebaseUI/FirebasePhoneAuthUI.bundle",
				"${PODS_ROOT}/GoogleSignIn/Resources/GoogleSignIn.bundle",
				"${PODS_CONFIGURATION_BUILD_DIR}/gRPC-C++/gRPCCertificates-Cpp.bundle",
			);
			name = "[CP] Copy Pods Resources";
			outputPaths = (
				"${TARGET_BUILD_DIR}/${UNLOCALIZED_RESOURCES_FOLDER_PATH}/api.amplitude.com.der",
				"${TARGET_BUILD_DIR}/${UNLOCALIZED_RESOURCES_FOLDER_PATH}/ComodoCaLimitedRsaCertificationAuthority.der",
				"${TARGET_BUILD_DIR}/${UNLOCALIZED_RESOURCES_FOLDER_PATH}/ComodoRsaCA.der",
				"${TARGET_BUILD_DIR}/${UNLOCALIZED_RESOURCES_FOLDER_PATH}/ComodoRsaDomainValidationCA.der",
				"${TARGET_BUILD_DIR}/${UNLOCALIZED_RESOURCES_FOLDER_PATH}/FacebookSDKStrings.bundle",
				"${TARGET_BUILD_DIR}/${UNLOCALIZED_RESOURCES_FOLDER_PATH}/FirebaseAnonymousAuthUI.bundle",
				"${TARGET_BUILD_DIR}/${UNLOCALIZED_RESOURCES_FOLDER_PATH}/FirebaseAuthUI.bundle",
				"${TARGET_BUILD_DIR}/${UNLOCALIZED_RESOURCES_FOLDER_PATH}/FirebaseEmailAuthUI.bundle",
				"${TARGET_BUILD_DIR}/${UNLOCALIZED_RESOURCES_FOLDER_PATH}/FirebaseFacebookAuthUI.bundle",
				"${TARGET_BUILD_DIR}/${UNLOCALIZED_RESOURCES_FOLDER_PATH}/FirebaseGoogleAuthUI.bundle",
				"${TARGET_BUILD_DIR}/${UNLOCALIZED_RESOURCES_FOLDER_PATH}/FirebaseOAuthUI.bundle",
				"${TARGET_BUILD_DIR}/${UNLOCALIZED_RESOURCES_FOLDER_PATH}/FirebasePhoneAuthUI.bundle",
				"${TARGET_BUILD_DIR}/${UNLOCALIZED_RESOURCES_FOLDER_PATH}/GoogleSignIn.bundle",
				"${TARGET_BUILD_DIR}/${UNLOCALIZED_RESOURCES_FOLDER_PATH}/gRPCCertificates-Cpp.bundle",
			);
			runOnlyForDeploymentPostprocessing = 0;
			shellPath = /bin/sh;
			shellScript = "\"${PODS_ROOT}/Target Support Files/Pods-Backpack Live/Pods-Backpack Live-resources.sh\"\n";
			showEnvVarsInLog = 0;
		};
		0BB7DA181EC9E695007AAE98 /* Adjust ATS */ = {
			isa = PBXShellScriptBuildPhase;
			buildActionMask = 2147483647;
			files = (
			);
			inputPaths = (
			);
			name = "Adjust ATS";
			outputPaths = (
			);
			runOnlyForDeploymentPostprocessing = 0;
			shellPath = /bin/sh;
			shellScript = "../scripts/fixup-ats.sh\n";
		};
		0BBA83C41EC9F7600075A103 /* Run React packager */ = {
			isa = PBXShellScriptBuildPhase;
			buildActionMask = 2147483647;
			files = (
			);
			inputPaths = (
			);
			name = "Run React packager";
			outputPaths = (
			);
			runOnlyForDeploymentPostprocessing = 0;
			shellPath = /bin/sh;
			shellScript = "#../scripts/run-packager.sh\n";
		};
		268671122EB3BAADA00E839E /* [CP] Embed Pods Frameworks */ = {
			isa = PBXShellScriptBuildPhase;
			buildActionMask = 2147483647;
			files = (
			);
			inputPaths = (
				"${PODS_ROOT}/Target Support Files/Pods-Backpack Live/Pods-Backpack Live-frameworks.sh",
				"${PODS_XCFRAMEWORKS_BUILD_DIR}/WebRTC/WebRTC.framework/WebRTC",
			);
			name = "[CP] Embed Pods Frameworks";
			outputPaths = (
				"${TARGET_BUILD_DIR}/${FRAMEWORKS_FOLDER_PATH}/WebRTC.framework",
			);
			runOnlyForDeploymentPostprocessing = 0;
			shellPath = /bin/sh;
			shellScript = "\"${PODS_ROOT}/Target Support Files/Pods-Backpack Live/Pods-Backpack Live-frameworks.sh\"\n";
			showEnvVarsInLog = 0;
		};
		2F6C1E2DE177D24D40AED690 /* [CP] Copy Pods Resources */ = {
			isa = PBXShellScriptBuildPhase;
			buildActionMask = 2147483647;
			files = (
			);
			inputPaths = (
				"${PODS_ROOT}/Target Support Files/Pods-VBAR/Pods-VBAR-resources.sh",
				"${PODS_ROOT}/Amplitude-iOS/Amplitude/api.amplitude.com.der",
				"${PODS_ROOT}/Amplitude-iOS/Amplitude/ComodoCaLimitedRsaCertificationAuthority.der",
				"${PODS_ROOT}/Amplitude-iOS/Amplitude/ComodoRsaCA.der",
				"${PODS_ROOT}/Amplitude-iOS/Amplitude/ComodoRsaDomainValidationCA.der",
				"${PODS_ROOT}/FBSDKCoreKit/FacebookSDKStrings.bundle",
				"${PODS_CONFIGURATION_BUILD_DIR}/FirebaseUI/FirebaseAnonymousAuthUI.bundle",
				"${PODS_CONFIGURATION_BUILD_DIR}/FirebaseUI/FirebaseAuthUI.bundle",
				"${PODS_CONFIGURATION_BUILD_DIR}/FirebaseUI/FirebaseEmailAuthUI.bundle",
				"${PODS_CONFIGURATION_BUILD_DIR}/FirebaseUI/FirebaseFacebookAuthUI.bundle",
				"${PODS_CONFIGURATION_BUILD_DIR}/FirebaseUI/FirebaseGoogleAuthUI.bundle",
				"${PODS_CONFIGURATION_BUILD_DIR}/FirebaseUI/FirebaseOAuthUI.bundle",
				"${PODS_CONFIGURATION_BUILD_DIR}/FirebaseUI/FirebasePhoneAuthUI.bundle",
				"${PODS_ROOT}/GoogleSignIn/Resources/GoogleSignIn.bundle",
				"${PODS_CONFIGURATION_BUILD_DIR}/gRPC-C++/gRPCCertificates-Cpp.bundle",
			);
			name = "[CP] Copy Pods Resources";
			outputPaths = (
				"${TARGET_BUILD_DIR}/${UNLOCALIZED_RESOURCES_FOLDER_PATH}/api.amplitude.com.der",
				"${TARGET_BUILD_DIR}/${UNLOCALIZED_RESOURCES_FOLDER_PATH}/ComodoCaLimitedRsaCertificationAuthority.der",
				"${TARGET_BUILD_DIR}/${UNLOCALIZED_RESOURCES_FOLDER_PATH}/ComodoRsaCA.der",
				"${TARGET_BUILD_DIR}/${UNLOCALIZED_RESOURCES_FOLDER_PATH}/ComodoRsaDomainValidationCA.der",
				"${TARGET_BUILD_DIR}/${UNLOCALIZED_RESOURCES_FOLDER_PATH}/FacebookSDKStrings.bundle",
				"${TARGET_BUILD_DIR}/${UNLOCALIZED_RESOURCES_FOLDER_PATH}/FirebaseAnonymousAuthUI.bundle",
				"${TARGET_BUILD_DIR}/${UNLOCALIZED_RESOURCES_FOLDER_PATH}/FirebaseAuthUI.bundle",
				"${TARGET_BUILD_DIR}/${UNLOCALIZED_RESOURCES_FOLDER_PATH}/FirebaseEmailAuthUI.bundle",
				"${TARGET_BUILD_DIR}/${UNLOCALIZED_RESOURCES_FOLDER_PATH}/FirebaseFacebookAuthUI.bundle",
				"${TARGET_BUILD_DIR}/${UNLOCALIZED_RESOURCES_FOLDER_PATH}/FirebaseGoogleAuthUI.bundle",
				"${TARGET_BUILD_DIR}/${UNLOCALIZED_RESOURCES_FOLDER_PATH}/FirebaseOAuthUI.bundle",
				"${TARGET_BUILD_DIR}/${UNLOCALIZED_RESOURCES_FOLDER_PATH}/FirebasePhoneAuthUI.bundle",
				"${TARGET_BUILD_DIR}/${UNLOCALIZED_RESOURCES_FOLDER_PATH}/GoogleSignIn.bundle",
				"${TARGET_BUILD_DIR}/${UNLOCALIZED_RESOURCES_FOLDER_PATH}/gRPCCertificates-Cpp.bundle",
			);
			runOnlyForDeploymentPostprocessing = 0;
			shellPath = /bin/sh;
			shellScript = "\"${PODS_ROOT}/Target Support Files/Pods-VBAR/Pods-VBAR-resources.sh\"\n";
			showEnvVarsInLog = 0;
		};
		B3A131E325F41EDF00D413B7 /* Copy bundle */ = {
			isa = PBXShellScriptBuildPhase;
			buildActionMask = 2147483647;
			files = (
			);
			inputFileListPaths = (
			);
			inputPaths = (
			);
			name = "Copy bundle";
			outputFileListPaths = (
			);
			outputPaths = (
			);
			runOnlyForDeploymentPostprocessing = 0;
			shellPath = /bin/sh;
			shellScript = "if [ \"${CONFIGURATION}\" == \"Debug\" ]; then\n    cp -r \"/Users/kilojam/jitsidev/debug/main.jsbundle\" \n                \"/Users/kilojam/jitsidev/jitsi-meet/ios/app/main.jsbundle\"\n    #\"${BUILT_PRODUCTS_DIR}/${PRODUCT_NAME}.app\"\nfi\nif [ \"${CONFIGURATION}\" == \"Release\" ]; then\n    cp -r \"/Users/kilojam/jitsidev/release/main.jsbundle\" \"/Users/kilojam/jitsidev/jitsi-meet/ios/app/main.jsbundle\"\n    \n    #\"${BUILT_PRODUCTS_DIR}/${PRODUCT_NAME}.app\"\nfi\n\n";
		};
		B6607F42A5CF0C76E98929E2 /* [CP] Check Pods Manifest.lock */ = {
			isa = PBXShellScriptBuildPhase;
			buildActionMask = 2147483647;
			files = (
			);
			inputFileListPaths = (
			);
			inputPaths = (
				"${PODS_PODFILE_DIR_PATH}/Podfile.lock",
				"${PODS_ROOT}/Manifest.lock",
			);
			name = "[CP] Check Pods Manifest.lock";
			outputFileListPaths = (
			);
			outputPaths = (
				"$(DERIVED_FILE_DIR)/Pods-VBAR-checkManifestLockResult.txt",
			);
			runOnlyForDeploymentPostprocessing = 0;
			shellPath = /bin/sh;
			shellScript = "diff \"${PODS_PODFILE_DIR_PATH}/Podfile.lock\" \"${PODS_ROOT}/Manifest.lock\" > /dev/null\nif [ $? != 0 ] ; then\n    # print error to STDERR\n    echo \"error: The sandbox is not in sync with the Podfile.lock. Run 'pod install' or update your CocoaPods installation.\" >&2\n    exit 1\nfi\n# This output is used by Xcode 'outputs' to avoid re-running this script phase.\necho \"SUCCESS\" > \"${SCRIPT_OUTPUT_FILE_0}\"\n";
			showEnvVarsInLog = 0;
		};
		DE11877A21EE09640078D059 /* Setup Google reverse URL handler */ = {
			isa = PBXShellScriptBuildPhase;
			buildActionMask = 2147483647;
			files = (
			);
			inputFileListPaths = (
			);
			inputPaths = (
			);
			name = "Setup Google reverse URL handler";
			outputFileListPaths = (
			);
			outputPaths = (
			);
			runOnlyForDeploymentPostprocessing = 0;
			shellPath = /bin/sh;
			shellScript = "INFO_PLIST=\"$BUILT_PRODUCTS_DIR/$INFOPLIST_PATH\"\nGOOGLE_PLIST=\"$PROJECT_DIR/GoogleService-Info.plist\"\n\nif [[ -f $GOOGLE_PLIST ]]; then\n    REVERSED_CLIENT_ID=$(/usr/libexec/PlistBuddy -c \"Print :REVERSED_CLIENT_ID:\" $GOOGLE_PLIST)\n    /usr/libexec/PlistBuddy -c \"Set :CFBundleURLTypes:1:CFBundleURLSchemes:0 $REVERSED_CLIENT_ID\" $INFO_PLIST\nfi\n";
		};
		DE4F6D6E22005C0400DE699E /* Setup Dropbox */ = {
			isa = PBXShellScriptBuildPhase;
			buildActionMask = 2147483647;
			files = (
			);
			inputFileListPaths = (
			);
			inputPaths = (
			);
			name = "Setup Dropbox";
			outputFileListPaths = (
			);
			outputPaths = (
			);
			runOnlyForDeploymentPostprocessing = 0;
			shellPath = /bin/sh;
			shellScript = "INFO_PLIST=\"$BUILT_PRODUCTS_DIR/$INFOPLIST_PATH\"\nDROPBOX_KEY_FILE=\"$PROJECT_DIR/dropbox.key\"\n\nif [[ -f $DROPBOX_KEY_FILE ]]; then\n    /usr/libexec/PlistBuddy -c \"Delete :LSApplicationQueriesSchemes\" $INFO_PLIST\n    /usr/libexec/PlistBuddy -c \"Add :LSApplicationQueriesSchemes array\" $INFO_PLIST\n    /usr/libexec/PlistBuddy -c \"Add :LSApplicationQueriesSchemes:0 string 'dbapi-2'\" $INFO_PLIST\n    /usr/libexec/PlistBuddy -c \"Add :LSApplicationQueriesSchemes:1 string 'dbapi-8-emm'\" $INFO_PLIST\n\n    DROPBOX_KEY=$(head -n 1 $DROPBOX_KEY_FILE)\n    /usr/libexec/PlistBuddy -c \"Add :CFBundleURLTypes:2:CFBundleURLName string dropbox\" $INFO_PLIST\n    /usr/libexec/PlistBuddy -c \"Add :CFBundleURLTypes:2:CFBundleURLSchemes array\" $INFO_PLIST\n    /usr/libexec/PlistBuddy -c \"Add :CFBundleURLTypes:2:CFBundleURLSchemes:0 string $DROPBOX_KEY\" $INFO_PLIST\nfi\n";
		};
		DEF4813D224925A2002AD03A /* Copy Google Plist file */ = {
			isa = PBXShellScriptBuildPhase;
			buildActionMask = 2147483647;
			files = (
			);
			inputFileListPaths = (
			);
			inputPaths = (
			);
			name = "Copy Google Plist file";
			outputFileListPaths = (
			);
			outputPaths = (
			);
			runOnlyForDeploymentPostprocessing = 0;
			shellPath = /bin/sh;
			shellScript = "GOOGLE_PLIST_NAME=\"GoogleService-Info.plist\"\nGOOGLE_PLIST=\"$PROJECT_DIR/$GOOGLE_PLIST_NAME\"\nBUILD_APP_DIR=\"$BUILT_PRODUCTS_DIR/$PRODUCT_NAME.app\"\n\nif [[ -f $GOOGLE_PLIST ]]; then\n    cp $GOOGLE_PLIST \"$BUILD_APP_DIR/$GOOGLE_PLIST_NAME\"\nfi\n";
		};
		E21B4EEFC6540565014BE3A6 /* [CP] Embed Pods Frameworks */ = {
			isa = PBXShellScriptBuildPhase;
			buildActionMask = 2147483647;
			files = (
			);
			inputPaths = (
				"${PODS_ROOT}/Target Support Files/Pods-VBAR/Pods-VBAR-frameworks.sh",
				"${PODS_XCFRAMEWORKS_BUILD_DIR}/WebRTC/WebRTC.framework/WebRTC",
			);
			name = "[CP] Embed Pods Frameworks";
			outputPaths = (
				"${TARGET_BUILD_DIR}/${FRAMEWORKS_FOLDER_PATH}/WebRTC.framework",
			);
			runOnlyForDeploymentPostprocessing = 0;
			shellPath = /bin/sh;
			shellScript = "\"${PODS_ROOT}/Target Support Files/Pods-VBAR/Pods-VBAR-frameworks.sh\"\n";
			showEnvVarsInLog = 0;
		};
		F4A462915FF1B9C2B2D08F67 /* [CP] Check Pods Manifest.lock */ = {
			isa = PBXShellScriptBuildPhase;
			buildActionMask = 2147483647;
			files = (
			);
			inputFileListPaths = (
			);
			inputPaths = (
				"${PODS_PODFILE_DIR_PATH}/Podfile.lock",
				"${PODS_ROOT}/Manifest.lock",
			);
			name = "[CP] Check Pods Manifest.lock";
			outputFileListPaths = (
			);
			outputPaths = (
				"$(DERIVED_FILE_DIR)/Pods-Backpack Live-checkManifestLockResult.txt",
			);
			runOnlyForDeploymentPostprocessing = 0;
			shellPath = /bin/sh;
			shellScript = "diff \"${PODS_PODFILE_DIR_PATH}/Podfile.lock\" \"${PODS_ROOT}/Manifest.lock\" > /dev/null\nif [ $? != 0 ] ; then\n    # print error to STDERR\n    echo \"error: The sandbox is not in sync with the Podfile.lock. Run 'pod install' or update your CocoaPods installation.\" >&2\n    exit 1\nfi\n# This output is used by Xcode 'outputs' to avoid re-running this script phase.\necho \"SUCCESS\" > \"${SCRIPT_OUTPUT_FILE_0}\"\n";
			showEnvVarsInLog = 0;
		};
/* End PBXShellScriptBuildPhase section */

/* Begin PBXSourcesBuildPhase section */
		13B07F871A680F5B00A75B9A /* Sources */ = {
			isa = PBXSourcesBuildPhase;
			buildActionMask = 2147483647;
			files = (
				B30AC1BF258DE716003D5E3F /* SwiftFile.swift in Sources */,
				13B07FBC1A68108700A75B9A /* AppDelegate.m in Sources */,
				DE4C456121DE1E4E00EA0709 /* FIRUtilities.m in Sources */,
				13B07FC11A68108700A75B9A /* main.m in Sources */,
			);
			runOnlyForDeploymentPostprocessing = 0;
		};
		B335E1972599CFC30008F79F /* Sources */ = {
			isa = PBXSourcesBuildPhase;
			buildActionMask = 2147483647;
			files = (
				B325C8FB259A0F20009CF5F0 /* FIRUtilities.m in Sources */,
				B335E1A52599CFC30008F79F /* ViewController.m in Sources */,
				B335E19F2599CFC30008F79F /* AppDelegate.m in Sources */,
				B325C8FA259A0EC4009CF5F0 /* SwiftChat.swift in Sources */,
				B335E1B02599CFC60008F79F /* main.m in Sources */,
			);
			runOnlyForDeploymentPostprocessing = 0;
		};
/* End PBXSourcesBuildPhase section */

/* Begin PBXVariantGroup section */
		13B07FB11A68108700A75B9A /* LaunchScreen.xib */ = {
			isa = PBXVariantGroup;
			children = (
				13B07FB21A68108700A75B9A /* Base */,
			);
			name = LaunchScreen.xib;
			sourceTree = "<group>";
		};
/* End PBXVariantGroup section */

/* Begin XCBuildConfiguration section */
		13B07F941A680F5B00A75B9A /* Debug */ = {
			isa = XCBuildConfiguration;
			baseConfigurationReference = 2B0969687C23D0173EE1D36F /* Pods-VBAR.debug.xcconfig */;
			buildSettings = {
				ASSETCATALOG_COMPILER_APPICON_NAME = VBAR;
				CLANG_ENABLE_MODULES = YES;
				CODE_SIGN_ENTITLEMENTS = app.entitlements;
				CODE_SIGN_IDENTITY = "iPhone Developer";
				CODE_SIGN_STYLE = Automatic;
				CURRENT_PROJECT_VERSION = 1;
				DEAD_CODE_STRIPPING = NO;
				DEVELOPMENT_TEAM = 7R2746UPX7;
				ENABLE_BITCODE = NO;
				INFOPLIST_FILE = src/Info.plist;
				LD_RUNPATH_SEARCH_PATHS = "$(inherited) @executable_path/Frameworks";
				LIBRARY_SEARCH_PATHS = "$(inherited)";
				MARKETING_VERSION = 1.0;
				OTHER_LDFLAGS = (
					"$(inherited)",
					"-ObjC",
					"-lc++",
				);
				PRODUCT_BUNDLE_IDENTIFIER = com.filowatt.vbar;
				PRODUCT_NAME = "jitsi-meet";
				PROVISIONING_PROFILE_SPECIFIER = "";
				SWIFT_OBJC_BRIDGING_HEADER = "jitsi-meet-Bridging-Header.h";
				SWIFT_OPTIMIZATION_LEVEL = "-Onone";
				SWIFT_VERSION = 5.0;
			};
			name = Debug;
		};
		13B07F951A680F5B00A75B9A /* Release */ = {
			isa = XCBuildConfiguration;
			baseConfigurationReference = 4B35BED44F8204BAEC48ADA4 /* Pods-VBAR.release.xcconfig */;
			buildSettings = {
				ASSETCATALOG_COMPILER_APPICON_NAME = VBAR;
				CLANG_ENABLE_MODULES = YES;
				CODE_SIGN_ENTITLEMENTS = app.entitlements;
				CODE_SIGN_IDENTITY = "iPhone Developer";
				CODE_SIGN_STYLE = Automatic;
				CURRENT_PROJECT_VERSION = 1;
				DEVELOPMENT_TEAM = 7R2746UPX7;
				ENABLE_BITCODE = NO;
				INFOPLIST_FILE = src/Info.plist;
				LD_RUNPATH_SEARCH_PATHS = "$(inherited) @executable_path/Frameworks";
				LIBRARY_SEARCH_PATHS = "$(inherited)";
				MARKETING_VERSION = 1.0;
				OTHER_LDFLAGS = (
					"$(inherited)",
					"-ObjC",
					"-lc++",
				);
				PRODUCT_BUNDLE_IDENTIFIER = com.filowatt.vbar;
				PRODUCT_NAME = "jitsi-meet";
				PROVISIONING_PROFILE_SPECIFIER = "";
				SWIFT_OBJC_BRIDGING_HEADER = "jitsi-meet-Bridging-Header.h";
				SWIFT_VERSION = 5.0;
			};
			name = Release;
		};
		83CBBA201A601CBA00E9B192 /* Debug */ = {
			isa = XCBuildConfiguration;
			buildSettings = {
				ALWAYS_SEARCH_USER_PATHS = NO;
				CLANG_ANALYZER_LOCALIZABILITY_NONLOCALIZED = YES;
				CLANG_CXX_LANGUAGE_STANDARD = "gnu++0x";
				CLANG_CXX_LIBRARY = "libc++";
				CLANG_ENABLE_MODULES = YES;
				CLANG_ENABLE_OBJC_ARC = YES;
				CLANG_WARN_BLOCK_CAPTURE_AUTORELEASING = YES;
				CLANG_WARN_BOOL_CONVERSION = YES;
				CLANG_WARN_COMMA = YES;
				CLANG_WARN_CONSTANT_CONVERSION = YES;
				CLANG_WARN_DEPRECATED_OBJC_IMPLEMENTATIONS = YES;
				CLANG_WARN_DIRECT_OBJC_ISA_USAGE = YES_ERROR;
				CLANG_WARN_EMPTY_BODY = YES;
				CLANG_WARN_ENUM_CONVERSION = YES;
				CLANG_WARN_INFINITE_RECURSION = YES;
				CLANG_WARN_INT_CONVERSION = YES;
				CLANG_WARN_NON_LITERAL_NULL_CONVERSION = YES;
				CLANG_WARN_OBJC_IMPLICIT_RETAIN_SELF = YES;
				CLANG_WARN_OBJC_LITERAL_CONVERSION = YES;
				CLANG_WARN_OBJC_ROOT_CLASS = YES_ERROR;
				CLANG_WARN_RANGE_LOOP_ANALYSIS = YES;
				CLANG_WARN_STRICT_PROTOTYPES = YES;
				CLANG_WARN_SUSPICIOUS_MOVE = YES;
				CLANG_WARN_UNREACHABLE_CODE = YES;
				CLANG_WARN__DUPLICATE_METHOD_MATCH = YES;
				"CODE_SIGN_IDENTITY[sdk=iphoneos*]" = "iPhone Developer";
				COPY_PHASE_STRIP = NO;
				ENABLE_BITCODE = NO;
				ENABLE_STRICT_OBJC_MSGSEND = YES;
				ENABLE_TESTABILITY = YES;
				GCC_C_LANGUAGE_STANDARD = gnu99;
				GCC_DYNAMIC_NO_PIC = NO;
				GCC_NO_COMMON_BLOCKS = YES;
				GCC_OPTIMIZATION_LEVEL = 0;
				GCC_PREPROCESSOR_DEFINITIONS = (
					"DEBUG=1",
					"$(inherited)",
				);
				GCC_SYMBOLS_PRIVATE_EXTERN = NO;
				GCC_WARN_64_TO_32_BIT_CONVERSION = YES;
				GCC_WARN_ABOUT_RETURN_TYPE = YES_ERROR;
				GCC_WARN_UNDECLARED_SELECTOR = YES;
				GCC_WARN_UNINITIALIZED_AUTOS = YES_AGGRESSIVE;
				GCC_WARN_UNUSED_FUNCTION = YES;
				GCC_WARN_UNUSED_VARIABLE = YES;
				HEADER_SEARCH_PATHS = (
					"$(inherited)",
					/Applications/Xcode.app/Contents/Developer/Toolchains/XcodeDefault.xctoolchain/usr/include,
				);
				IPHONEOS_DEPLOYMENT_TARGET = 13.0;
				MTL_ENABLE_DEBUG_INFO = YES;
				ONLY_ACTIVE_ARCH = YES;
				SDKROOT = iphoneos;
				TARGETED_DEVICE_FAMILY = "1,2";
			};
			name = Debug;
		};
		83CBBA211A601CBA00E9B192 /* Release */ = {
			isa = XCBuildConfiguration;
			buildSettings = {
				ALWAYS_SEARCH_USER_PATHS = NO;
				CLANG_ANALYZER_LOCALIZABILITY_NONLOCALIZED = YES;
				CLANG_CXX_LANGUAGE_STANDARD = "gnu++0x";
				CLANG_CXX_LIBRARY = "libc++";
				CLANG_ENABLE_MODULES = YES;
				CLANG_ENABLE_OBJC_ARC = YES;
				CLANG_WARN_BLOCK_CAPTURE_AUTORELEASING = YES;
				CLANG_WARN_BOOL_CONVERSION = YES;
				CLANG_WARN_COMMA = YES;
				CLANG_WARN_CONSTANT_CONVERSION = YES;
				CLANG_WARN_DEPRECATED_OBJC_IMPLEMENTATIONS = YES;
				CLANG_WARN_DIRECT_OBJC_ISA_USAGE = YES_ERROR;
				CLANG_WARN_EMPTY_BODY = YES;
				CLANG_WARN_ENUM_CONVERSION = YES;
				CLANG_WARN_INFINITE_RECURSION = YES;
				CLANG_WARN_INT_CONVERSION = YES;
				CLANG_WARN_NON_LITERAL_NULL_CONVERSION = YES;
				CLANG_WARN_OBJC_IMPLICIT_RETAIN_SELF = YES;
				CLANG_WARN_OBJC_LITERAL_CONVERSION = YES;
				CLANG_WARN_OBJC_ROOT_CLASS = YES_ERROR;
				CLANG_WARN_RANGE_LOOP_ANALYSIS = YES;
				CLANG_WARN_STRICT_PROTOTYPES = YES;
				CLANG_WARN_SUSPICIOUS_MOVE = YES;
				CLANG_WARN_UNREACHABLE_CODE = YES;
				CLANG_WARN__DUPLICATE_METHOD_MATCH = YES;
				"CODE_SIGN_IDENTITY[sdk=iphoneos*]" = "iPhone Developer";
				COPY_PHASE_STRIP = YES;
				ENABLE_BITCODE = NO;
				ENABLE_NS_ASSERTIONS = NO;
				ENABLE_STRICT_OBJC_MSGSEND = YES;
				GCC_C_LANGUAGE_STANDARD = gnu99;
				GCC_NO_COMMON_BLOCKS = YES;
				GCC_WARN_64_TO_32_BIT_CONVERSION = YES;
				GCC_WARN_ABOUT_RETURN_TYPE = YES_ERROR;
				GCC_WARN_UNDECLARED_SELECTOR = YES;
				GCC_WARN_UNINITIALIZED_AUTOS = YES_AGGRESSIVE;
				GCC_WARN_UNUSED_FUNCTION = YES;
				GCC_WARN_UNUSED_VARIABLE = YES;
				HEADER_SEARCH_PATHS = (
					"$(inherited)",
					/Applications/Xcode.app/Contents/Developer/Toolchains/XcodeDefault.xctoolchain/usr/include,
				);
				IPHONEOS_DEPLOYMENT_TARGET = 13.0;
				MTL_ENABLE_DEBUG_INFO = NO;
				SDKROOT = iphoneos;
				SWIFT_COMPILATION_MODE = wholemodule;
				TARGETED_DEVICE_FAMILY = "1,2";
				VALIDATE_PRODUCT = YES;
			};
			name = Release;
		};
		B335E1C72599CFC70008F79F /* Debug */ = {
			isa = XCBuildConfiguration;
			baseConfigurationReference = 58BE71EBB80C09F7C4AD613C /* Pods-Backpack Live.debug.xcconfig */;
			buildSettings = {
				ASSETCATALOG_COMPILER_APPICON_NAME = AppIcon;
				ASSETCATALOG_COMPILER_GLOBAL_ACCENT_COLOR_NAME = AccentColor;
				CLANG_ANALYZER_NONNULL = YES;
				CLANG_ANALYZER_NUMBER_OBJECT_CONVERSION = YES_AGGRESSIVE;
				CLANG_CXX_LANGUAGE_STANDARD = "gnu++14";
				CLANG_ENABLE_MODULES = YES;
				CLANG_ENABLE_OBJC_WEAK = YES;
				CLANG_WARN_DOCUMENTATION_COMMENTS = YES;
				CLANG_WARN_QUOTED_INCLUDE_IN_FRAMEWORK_HEADER = YES;
				CLANG_WARN_UNGUARDED_AVAILABILITY = YES_AGGRESSIVE;
				CODE_SIGN_ENTITLEMENTS = "Backpack Chat/Backpack Chat.entitlements";
				CODE_SIGN_IDENTITY = "Apple Development";
				CODE_SIGN_STYLE = Automatic;
				CURRENT_PROJECT_VERSION = 14;
				DEBUG_INFORMATION_FORMAT = dwarf;
				DEVELOPMENT_TEAM = 7R2746UPX7;
				FRAMEWORK_SEARCH_PATHS = (
					"$(inherited)",
					"$(PROJECT_DIR)",
				);
				GCC_C_LANGUAGE_STANDARD = gnu11;
				INFOPLIST_FILE = "Backpack Chat/Info.plist";
				IPHONEOS_DEPLOYMENT_TARGET = 12.0;
				LD_RUNPATH_SEARCH_PATHS = "$(inherited) @executable_path/Frameworks";
				LIBRARY_SEARCH_PATHS = (
					"$(inherited)",
					"$(PROJECT_DIR)",
				);
				MARKETING_VERSION = 1.0;
				MTL_ENABLE_DEBUG_INFO = INCLUDE_SOURCE;
				MTL_FAST_MATH = YES;
				PRODUCT_BUNDLE_IDENTIFIER = com.filowatt.backpacklive;
				PRODUCT_NAME = "$(TARGET_NAME)";
				PROVISIONING_PROFILE_SPECIFIER = "";
				SWIFT_OBJC_BRIDGING_HEADER = "Backpack Chat/Backpack Chat-Bridging-Header.h";
				SWIFT_OPTIMIZATION_LEVEL = "-Onone";
				SWIFT_VERSION = 5.0;
				TARGETED_DEVICE_FAMILY = "1,2";
			};
			name = Debug;
		};
		B335E1C82599CFC70008F79F /* Release */ = {
			isa = XCBuildConfiguration;
			baseConfigurationReference = 79F90BD7F26F035F28A74185 /* Pods-Backpack Live.release.xcconfig */;
			buildSettings = {
				ASSETCATALOG_COMPILER_APPICON_NAME = AppIcon;
				ASSETCATALOG_COMPILER_GLOBAL_ACCENT_COLOR_NAME = AccentColor;
				CLANG_ANALYZER_NONNULL = YES;
				CLANG_ANALYZER_NUMBER_OBJECT_CONVERSION = YES_AGGRESSIVE;
				CLANG_CXX_LANGUAGE_STANDARD = "gnu++14";
				CLANG_ENABLE_MODULES = YES;
				CLANG_ENABLE_OBJC_WEAK = YES;
				CLANG_WARN_DOCUMENTATION_COMMENTS = YES;
				CLANG_WARN_QUOTED_INCLUDE_IN_FRAMEWORK_HEADER = YES;
				CLANG_WARN_UNGUARDED_AVAILABILITY = YES_AGGRESSIVE;
				CODE_SIGN_ENTITLEMENTS = "Backpack Chat/Backpack Chat.entitlements";
				CODE_SIGN_IDENTITY = "Apple Development";
				CODE_SIGN_STYLE = Automatic;
				COPY_PHASE_STRIP = NO;
				CURRENT_PROJECT_VERSION = 14;
				DEBUG_INFORMATION_FORMAT = "dwarf-with-dsym";
				DEVELOPMENT_TEAM = 7R2746UPX7;
				FRAMEWORK_SEARCH_PATHS = (
					"$(inherited)",
					"$(PROJECT_DIR)",
				);
				GCC_C_LANGUAGE_STANDARD = gnu11;
				INFOPLIST_FILE = "Backpack Chat/Info.plist";
				IPHONEOS_DEPLOYMENT_TARGET = 12.0;
				LD_RUNPATH_SEARCH_PATHS = "$(inherited) @executable_path/Frameworks";
				LIBRARY_SEARCH_PATHS = (
					"$(inherited)",
					"$(PROJECT_DIR)",
				);
				MARKETING_VERSION = 1.0;
				MTL_FAST_MATH = YES;
				PRODUCT_BUNDLE_IDENTIFIER = com.filowatt.backpacklive;
				PRODUCT_NAME = "$(TARGET_NAME)";
				PROVISIONING_PROFILE_SPECIFIER = "";
				SWIFT_OBJC_BRIDGING_HEADER = "Backpack Chat/Backpack Chat-Bridging-Header.h";
				SWIFT_VERSION = 5.0;
				TARGETED_DEVICE_FAMILY = "1,2";
			};
			name = Release;
		};
/* End XCBuildConfiguration section */

/* Begin XCConfigurationList section */
		13B07F931A680F5B00A75B9A /* Build configuration list for PBXNativeTarget "VBAR" */ = {
			isa = XCConfigurationList;
			buildConfigurations = (
				13B07F941A680F5B00A75B9A /* Debug */,
				13B07F951A680F5B00A75B9A /* Release */,
			);
			defaultConfigurationIsVisible = 0;
			defaultConfigurationName = Release;
		};
		83CBB9FA1A601CBA00E9B192 /* Build configuration list for PBXProject "app" */ = {
			isa = XCConfigurationList;
			buildConfigurations = (
				83CBBA201A601CBA00E9B192 /* Debug */,
				83CBBA211A601CBA00E9B192 /* Release */,
			);
			defaultConfigurationIsVisible = 0;
			defaultConfigurationName = Release;
		};
		B335E1CD2599CFC70008F79F /* Build configuration list for PBXNativeTarget "Backpack Live" */ = {
			isa = XCConfigurationList;
			buildConfigurations = (
				B335E1C72599CFC70008F79F /* Debug */,
				B335E1C82599CFC70008F79F /* Release */,
			);
			defaultConfigurationIsVisible = 0;
			defaultConfigurationName = Release;
		};
/* End XCConfigurationList section */
	};
	rootObject = 83CBB9F71A601CBA00E9B192 /* Project object */;
}
